
Microsoft Visual Studio Solution File, Format Version 12.00
# Visual Studio Version 16
VisualStudioVersion = 16.0.31321.278
MinimumVisualStudioVersion = 10.0.40219.1
Project("{8BC9CEB8-8B4A-11D0-8D11-00A0C91BC942}") = "Functions overloading", "Functions overloading.vcxproj", "{617A9E20-CEA7-4C29-A91A-1B4C57AE31AC}"
EndProject
Global
	GlobalSection(SolutionConfigurationPlatforms) = preSolution
		Debug|x64 = Debug|x64
		Debug|x86 = Debug|x86
		Release|x64 = Release|x64
		Release|x86 = Release|x86
	EndGlobalSection
	GlobalSection(ProjectConfigurationPlatforms) = postSolution
		{617A9E20-CEA7-4C29-A91A-1B4C57AE31AC}.Debug|x64.ActiveCfg = Debug|x64
		{617A9E20-CEA7-4C29-A91A-1B4C57AE31AC}.Debug|x64.Build.0 = Debug|x64
		{617A9E20-CEA7-4C29-A91A-1B4C57AE31AC}.Debug|x86.ActiveCfg = Debug|Win32
		{617A9E20-CEA7-4C29-A91A-1B4C57AE31AC}.Debug|x86.Build.0 = Debug|Win32
		{617A9E20-CEA7-4C29-A91A-1B4C57AE31AC}.Release|x64.ActiveCfg = Release|x64
		{617A9E20-CEA7-4C29-A91A-1B4C57AE31AC}.Release|x64.Build.0 = Release|x64
		{617A9E20-CEA7-4C29-A91A-1B4C57AE31AC}.Release|x86.ActiveCfg = Release|Win32
		{617A9E20-CEA7-4C29-A91A-1B4C57AE31AC}.Release|x86.Build.0 = Release|Win32
	EndGlobalSection
	GlobalSection(SolutionProperties) = preSolution
		HideSolutionNode = FALSE
	EndGlobalSection
	GlobalSection(ExtensibilityGlobals) = postSolution
		SolutionGuid = {88DE738C-B9D9-45EF-AA46-A5BA0BA0CB0E}
	EndGlobalSection
EndGlobal
